
Microsoft Visual Studio Solution File, Format Version 12.00
# Visual Studio Version 17
VisualStudioVersion = 17.14.36221.1 d17.14
MinimumVisualStudioVersion = 10.0.40219.1
Project("{FAE04EC0-301F-11D3-BF4B-00C04F79EFBC}") = "SudokuMargo", "SudokuMargo\SudokuMargo.csproj", "{17654532-C14D-41F3-A5E7-B62BEFF53AB4}"
EndProject
Project("{FAE04EC0-301F-11D3-BF4B-00C04F79EFBC}") = "SudokuMargo.Core", "SudokuMargo.Core\SudokuMargo.Core.csproj", "{61DB9B32-6541-467E-BEFA-CB83AA76FAE9}"
EndProject
Project("{FAE04EC0-301F-11D3-BF4B-00C04F79EFBC}") = "SudokuMargo.Core.Tests", "SudokuMargo.Core.Tests\SudokuMargo.Core.Tests.csproj", "{C6469376-26CE-4F0C-A925-026DC1C88032}"
EndProject
Global
	GlobalSection(SolutionConfigurationPlatforms) = preSolution
		Debug|Any CPU = Debug|Any CPU
		Release|Any CPU = Release|Any CPU
	EndGlobalSection
	GlobalSection(ProjectConfigurationPlatforms) = postSolution
		{17654532-C14D-41F3-A5E7-B62BEFF53AB4}.Debug|Any CPU.ActiveCfg = Debug|Any CPU
		{17654532-C14D-41F3-A5E7-B62BEFF53AB4}.Debug|Any CPU.Build.0 = Debug|Any CPU
		{17654532-C14D-41F3-A5E7-B62BEFF53AB4}.Release|Any CPU.ActiveCfg = Release|Any CPU
		{17654532-C14D-41F3-A5E7-B62BEFF53AB4}.Release|Any CPU.Build.0 = Release|Any CPU
		{61DB9B32-6541-467E-BEFA-CB83AA76FAE9}.Debug|Any CPU.ActiveCfg = Debug|Any CPU
		{61DB9B32-6541-467E-BEFA-CB83AA76FAE9}.Debug|Any CPU.Build.0 = Debug|Any CPU
		{61DB9B32-6541-467E-BEFA-CB83AA76FAE9}.Release|Any CPU.ActiveCfg = Release|Any CPU
		{61DB9B32-6541-467E-BEFA-CB83AA76FAE9}.Release|Any CPU.Build.0 = Release|Any CPU
		{C6469376-26CE-4F0C-A925-026DC1C88032}.Debug|Any CPU.ActiveCfg = Debug|Any CPU
		{C6469376-26CE-4F0C-A925-026DC1C88032}.Debug|Any CPU.Build.0 = Debug|Any CPU
		{C6469376-26CE-4F0C-A925-026DC1C88032}.Release|Any CPU.ActiveCfg = Release|Any CPU
		{C6469376-26CE-4F0C-A925-026DC1C88032}.Release|Any CPU.Build.0 = Release|Any CPU
	EndGlobalSection
	GlobalSection(SolutionProperties) = preSolution
		HideSolutionNode = FALSE
	EndGlobalSection
	GlobalSection(ExtensibilityGlobals) = postSolution
		SolutionGuid = {50CA3EC5-C15C-42DD-9CD7-84F07B1B2245}
	EndGlobalSection
EndGlobal
